
Microsoft Visual Studio Solution File, Format Version 12.00
# Visual Studio Version 17
VisualStudioVersion = 17.11.35222.181
MinimumVisualStudioVersion = 10.0.40219.1
Project("{FAE04EC0-301F-11D3-BF4B-00C04F79EFBC}") = "BulkyBookWeb", "BulkyBookWeb.csproj", "{85DC5A4A-F810-44CB-BE8D-D96F9076611E}"
EndProject
Global
	GlobalSection(SolutionConfigurationPlatforms) = preSolution
		Debug|Any CPU = Debug|Any CPU
		Release|Any CPU = Release|Any CPU
	EndGlobalSection
	GlobalSection(ProjectConfigurationPlatforms) = postSolution
		{85DC5A4A-F810-44CB-BE8D-D96F9076611E}.Debug|Any CPU.ActiveCfg = Debug|Any CPU
		{85DC5A4A-F810-44CB-BE8D-D96F9076611E}.Debug|Any CPU.Build.0 = Debug|Any CPU
		{85DC5A4A-F810-44CB-BE8D-D96F9076611E}.Release|Any CPU.ActiveCfg = Release|Any CPU
		{85DC5A4A-F810-44CB-BE8D-D96F9076611E}.Release|Any CPU.Build.0 = Release|Any CPU
	EndGlobalSection
	GlobalSection(SolutionProperties) = preSolution
		HideSolutionNode = FALSE
	EndGlobalSection
	GlobalSection(ExtensibilityGlobals) = postSolution
		SolutionGuid = {B4E47B0C-913F-4C95-B8E0-1F5510296AED}
	EndGlobalSection
EndGlobal
